
Microsoft Visual Studio Solution File, Format Version 12.00
# Visual Studio 14
VisualStudioVersion = 14.0.23107.0
MinimumVisualStudioVersion = 10.0.40219.1
Project("{FAE04EC0-301F-11D3-BF4B-00C04F79EFBC}") = "HR", "HR\HR.csproj", "{5B27F4AA-02FD-4302-998D-9CA48D73B416}"
EndProject
Project("{FAE04EC0-301F-11D3-BF4B-00C04F79EFBC}") = "HRBLL", "HRBLL\HRBLL.csproj", "{44F925A4-B897-4821-966C-213A35F67D95}"
EndProject
Project("{FAE04EC0-301F-11D3-BF4B-00C04F79EFBC}") = "HRDAL", "HRDAL\HRDAL.csproj", "{7E317768-FEFD-457D-8B4C-B809C3F95529}"
EndProject
Project("{FAE04EC0-301F-11D3-BF4B-00C04F79EFBC}") = "IHRBLL", "IHRBLL\IHRBLL.csproj", "{BF64B0D1-58D0-4480-9A94-D1C7F872E713}"
EndProject
Project("{FAE04EC0-301F-11D3-BF4B-00C04F79EFBC}") = "IHRDAL", "IHRDAL\IHRDAL.csproj", "{552F2035-C073-4ED9-A207-6AD2540409B1}"
EndProject
Project("{FAE04EC0-301F-11D3-BF4B-00C04F79EFBC}") = "IOC", "IOC\IOC.csproj", "{F3ED6A2D-75BC-4E89-9149-3DADE74D3167}"
EndProject
Project("{FAE04EC0-301F-11D3-BF4B-00C04F79EFBC}") = "Model", "Model\Model.csproj", "{A0757945-9C2E-41DF-8089-F52DF3B83046}"
EndProject
Project("{FAE04EC0-301F-11D3-BF4B-00C04F79EFBC}") = "EFentity", "EFentity\EFentity.csproj", "{3B7B86AC-E641-41BA-916C-9D05A846A0B2}"
EndProject
Project("{FAE04EC0-301F-11D3-BF4B-00C04F79EFBC}") = "LogNet", "LogNet\LogNet.csproj", "{506A1AE7-6206-45F6-AE36-E11F86073BA6}"
EndProject
Global
	GlobalSection(SolutionConfigurationPlatforms) = preSolution
		Debug|Any CPU = Debug|Any CPU
		Release|Any CPU = Release|Any CPU
	EndGlobalSection
	GlobalSection(ProjectConfigurationPlatforms) = postSolution
		{5B27F4AA-02FD-4302-998D-9CA48D73B416}.Debug|Any CPU.ActiveCfg = Debug|Any CPU
		{5B27F4AA-02FD-4302-998D-9CA48D73B416}.Debug|Any CPU.Build.0 = Debug|Any CPU
		{5B27F4AA-02FD-4302-998D-9CA48D73B416}.Release|Any CPU.ActiveCfg = Release|Any CPU
		{5B27F4AA-02FD-4302-998D-9CA48D73B416}.Release|Any CPU.Build.0 = Release|Any CPU
		{44F925A4-B897-4821-966C-213A35F67D95}.Debug|Any CPU.ActiveCfg = Debug|Any CPU
		{44F925A4-B897-4821-966C-213A35F67D95}.Debug|Any CPU.Build.0 = Debug|Any CPU
		{44F925A4-B897-4821-966C-213A35F67D95}.Release|Any CPU.ActiveCfg = Release|Any CPU
		{44F925A4-B897-4821-966C-213A35F67D95}.Release|Any CPU.Build.0 = Release|Any CPU
		{7E317768-FEFD-457D-8B4C-B809C3F95529}.Debug|Any CPU.ActiveCfg = Debug|Any CPU
		{7E317768-FEFD-457D-8B4C-B809C3F95529}.Debug|Any CPU.Build.0 = Debug|Any CPU
		{7E317768-FEFD-457D-8B4C-B809C3F95529}.Release|Any CPU.ActiveCfg = Release|Any CPU
		{7E317768-FEFD-457D-8B4C-B809C3F95529}.Release|Any CPU.Build.0 = Release|Any CPU
		{BF64B0D1-58D0-4480-9A94-D1C7F872E713}.Debug|Any CPU.ActiveCfg = Debug|Any CPU
		{BF64B0D1-58D0-4480-9A94-D1C7F872E713}.Debug|Any CPU.Build.0 = Debug|Any CPU
		{BF64B0D1-58D0-4480-9A94-D1C7F872E713}.Release|Any CPU.ActiveCfg = Release|Any CPU
		{BF64B0D1-58D0-4480-9A94-D1C7F872E713}.Release|Any CPU.Build.0 = Release|Any CPU
		{552F2035-C073-4ED9-A207-6AD2540409B1}.Debug|Any CPU.ActiveCfg = Debug|Any CPU
		{552F2035-C073-4ED9-A207-6AD2540409B1}.Debug|Any CPU.Build.0 = Debug|Any CPU
		{552F2035-C073-4ED9-A207-6AD2540409B1}.Release|Any CPU.ActiveCfg = Release|Any CPU
		{552F2035-C073-4ED9-A207-6AD2540409B1}.Release|Any CPU.Build.0 = Release|Any CPU
		{F3ED6A2D-75BC-4E89-9149-3DADE74D3167}.Debug|Any CPU.ActiveCfg = Debug|Any CPU
		{F3ED6A2D-75BC-4E89-9149-3DADE74D3167}.Debug|Any CPU.Build.0 = Debug|Any CPU
		{F3ED6A2D-75BC-4E89-9149-3DADE74D3167}.Release|Any CPU.ActiveCfg = Release|Any CPU
		{F3ED6A2D-75BC-4E89-9149-3DADE74D3167}.Release|Any CPU.Build.0 = Release|Any CPU
		{A0757945-9C2E-41DF-8089-F52DF3B83046}.Debug|Any CPU.ActiveCfg = Debug|Any CPU
		{A0757945-9C2E-41DF-8089-F52DF3B83046}.Debug|Any CPU.Build.0 = Debug|Any CPU
		{A0757945-9C2E-41DF-8089-F52DF3B83046}.Release|Any CPU.ActiveCfg = Release|Any CPU
		{A0757945-9C2E-41DF-8089-F52DF3B83046}.Release|Any CPU.Build.0 = Release|Any CPU
		{3B7B86AC-E641-41BA-916C-9D05A846A0B2}.Debug|Any CPU.ActiveCfg = Debug|Any CPU
		{3B7B86AC-E641-41BA-916C-9D05A846A0B2}.Debug|Any CPU.Build.0 = Debug|Any CPU
		{3B7B86AC-E641-41BA-916C-9D05A846A0B2}.Release|Any CPU.ActiveCfg = Release|Any CPU
		{3B7B86AC-E641-41BA-916C-9D05A846A0B2}.Release|Any CPU.Build.0 = Release|Any CPU
		{506A1AE7-6206-45F6-AE36-E11F86073BA6}.Debug|Any CPU.ActiveCfg = Debug|Any CPU
		{506A1AE7-6206-45F6-AE36-E11F86073BA6}.Debug|Any CPU.Build.0 = Debug|Any CPU
		{506A1AE7-6206-45F6-AE36-E11F86073BA6}.Release|Any CPU.ActiveCfg = Release|Any CPU
		{506A1AE7-6206-45F6-AE36-E11F86073BA6}.Release|Any CPU.Build.0 = Release|Any CPU
	EndGlobalSection
	GlobalSection(SolutionProperties) = preSolution
		HideSolutionNode = FALSE
	EndGlobalSection
EndGlobal
